
Microsoft Visual Studio Solution File, Format Version 12.00
# Visual Studio Version 16
VisualStudioVersion = 16.0.31105.61
MinimumVisualStudioVersion = 10.0.40219.1
Project("{9A19103F-16F7-4668-BE54-9A1E7A4F7556}") = "USML_Project", "USML_Project\USML_Project.csproj", "{65BE5F38-10D9-4D8D-BAEE-9DBE60422447}"
EndProject
Global
	GlobalSection(SolutionConfigurationPlatforms) = preSolution
		Debug|Any CPU = Debug|Any CPU
		Release|Any CPU = Release|Any CPU
	EndGlobalSection
	GlobalSection(ProjectConfigurationPlatforms) = postSolution
		{65BE5F38-10D9-4D8D-BAEE-9DBE60422447}.Debug|Any CPU.ActiveCfg = Debug|Any CPU
		{65BE5F38-10D9-4D8D-BAEE-9DBE60422447}.Debug|Any CPU.Build.0 = Debug|Any CPU
		{65BE5F38-10D9-4D8D-BAEE-9DBE60422447}.Release|Any CPU.ActiveCfg = Release|Any CPU
		{65BE5F38-10D9-4D8D-BAEE-9DBE60422447}.Release|Any CPU.Build.0 = Release|Any CPU
	EndGlobalSection
	GlobalSection(SolutionProperties) = preSolution
		HideSolutionNode = FALSE
	EndGlobalSection
	GlobalSection(ExtensibilityGlobals) = postSolution
		SolutionGuid = {19737242-2B62-43C6-894B-482C8ACBD82C}
	EndGlobalSection
EndGlobal
